# THIS IS AN AUTOGENERATED FILE. DO NOT EDIT THIS FILE DIRECTLY.
# yarn lockfile v1


"@abp/aspnetcore.mvc.ui.theme.basic@~9.3.1":
  version "9.3.1"
  resolved "https://registry.npmmirror.com/@abp/aspnetcore.mvc.ui.theme.basic/-/aspnetcore.mvc.ui.theme.basic-9.3.1.tgz#a35e984e38773f53e0b2b25761bcf503ba613aaf"
  integrity sha512-kTN8pqfpTxOMD3nOVmwGHqtVwN4qlUjyQm7c+on98cmnXFllGXJ1QQLgnLRYT68lHJzW4nUNNN1VfET4tlMdDg==
  dependencies:
    "@abp/aspnetcore.mvc.ui.theme.shared" "~9.3.1"

"@abp/aspnetcore.mvc.ui.theme.shared@~9.3.1":
  version "9.3.1"
  resolved "https://registry.npmmirror.com/@abp/aspnetcore.mvc.ui.theme.shared/-/aspnetcore.mvc.ui.theme.shared-9.3.1.tgz#7b8b297c9fac61970b3f0d7e4a6d11fa89b892ea"
  integrity sha512-cc2BacHCyaDHP0xeSMyIR7asiVmTkfYtMhh+kLp8XBQ6JeqDLi5YW4TdgwJv+t8s8U0j+DwKtgUOtwHBhlOtvg==
  dependencies:
    "@abp/aspnetcore.mvc.ui" "~9.3.1"
    "@abp/bootstrap" "~9.3.1"
    "@abp/bootstrap-datepicker" "~9.3.1"
    "@abp/bootstrap-daterangepicker" "~9.3.1"
    "@abp/datatables.net-bs5" "~9.3.1"
    "@abp/font-awesome" "~9.3.1"
    "@abp/jquery-form" "~9.3.1"
    "@abp/jquery-validation-unobtrusive" "~9.3.1"
    "@abp/lodash" "~9.3.1"
    "@abp/luxon" "~9.3.1"
    "@abp/malihu-custom-scrollbar-plugin" "~9.3.1"
    "@abp/moment" "~9.3.1"
    "@abp/select2" "~9.3.1"
    "@abp/sweetalert2" "~9.3.1"
    "@abp/timeago" "~9.3.1"

"@abp/aspnetcore.mvc.ui@~9.3.1":
  version "9.3.1"
  resolved "https://registry.npmmirror.com/@abp/aspnetcore.mvc.ui/-/aspnetcore.mvc.ui-9.3.1.tgz#17b9e49e4a3588cb0d383f9da700c99d5974b562"
  integrity sha512-bxpsiwfDSfDHYyHc8jVBrnbIrJ7hbHGO86wWmYxd6iM/qMpgjzi1eFadt5oPVrFw99FnfNqREtMpdVbNJZ7n/Q==
  dependencies:
    ansi-colors "^4.1.3"

"@abp/bootstrap-datepicker@~9.3.1":
  version "9.3.1"
  resolved "https://registry.npmmirror.com/@abp/bootstrap-datepicker/-/bootstrap-datepicker-9.3.1.tgz#b3c6d0843d17bc22d15658d0b284f2c23811bef1"
  integrity sha512-oGwqGf2Qkq0EXzOn9r3TsNccAklwabHu3J00VyLgAAkn3vGlou1r7xG8n0H0zC3V7/EirDKoyFr9s106g7kxJA==
  dependencies:
    bootstrap-datepicker "^1.10.0"

"@abp/bootstrap-daterangepicker@~9.3.1":
  version "9.3.1"
  resolved "https://registry.npmmirror.com/@abp/bootstrap-daterangepicker/-/bootstrap-daterangepicker-9.3.1.tgz#3be4165954e0aa5bfec782df677ae687cc94b651"
  integrity sha512-1wdVw/JOfxwND3TQD8kOPJU3UwECi4rsrzPSQtPCAt/YGWtF5MIl9nhZ9WqSwukNie0dYmECAw5FNaoC79LOAw==
  dependencies:
    bootstrap-daterangepicker "^3.1.0"

"@abp/bootstrap@~9.3.1":
  version "9.3.1"
  resolved "https://registry.npmmirror.com/@abp/bootstrap/-/bootstrap-9.3.1.tgz#917d013d257bbd035f264a324e77c6aecd4170c5"
  integrity sha512-t34nqLrMn0Wvw+3KNmVTMsdjHhMMppNITskuUdFwCCD14UIWcbQYLr9sSuYtS76nna6RUaL0MuYL4uRcqA7hiw==
  dependencies:
    "@abp/core" "~9.3.1"
    bootstrap "^5.3.3"

"@abp/core@~9.3.1":
  version "9.3.1"
  resolved "https://registry.npmmirror.com/@abp/core/-/core-9.3.1.tgz#db01b8d8917283226e5552b1961e63c075ecae4f"
  integrity sha512-y/cvEvbxahaLygeJ6D7LSuNOWAwWRMf/ceLQLZ+J97trKKzQ58q3sth8E8FqhSAGJRYnGwGNqKLsBmFPjlKtMA==
  dependencies:
    "@abp/utils" "~9.3.1"

"@abp/datatables.net-bs5@~9.3.1":
  version "9.3.1"
  resolved "https://registry.npmmirror.com/@abp/datatables.net-bs5/-/datatables.net-bs5-9.3.1.tgz#488c5bdf548f637b8ef2f8109b2416f9af201f8d"
  integrity sha512-8j+fsDjYf9PgWxioZMQb/WjmW/8LHpR+E5v5m+Oxd9epDR+ugsvT7IhuMvBJ+yv96FZA19ULTgj3dhNa6ff7Og==
  dependencies:
    "@abp/datatables.net" "~9.3.1"
    datatables.net-bs5 "^2.1.8"

"@abp/datatables.net@~9.3.1":
  version "9.3.1"
  resolved "https://registry.npmmirror.com/@abp/datatables.net/-/datatables.net-9.3.1.tgz#41e2daca48ac0517cc53afe26e98cea9d347e03f"
  integrity sha512-oD6s0luu2wuLODCaTqujAczTVySDr+d988AMHpiNlHLTcdXGapF9q3oWrK9bvSrNdJpCtAMhAUKyZ9b28aoBWg==
  dependencies:
    "@abp/jquery" "~9.3.1"
    datatables.net "^2.1.8"

"@abp/font-awesome@~9.3.1":
  version "9.3.1"
  resolved "https://registry.npmmirror.com/@abp/font-awesome/-/font-awesome-9.3.1.tgz#ec988894248ea187bb5aec72dc79b4be27034acc"
  integrity sha512-z1zwl0SZYrBVX+J961vbF0AMnyjhn00E9GfqGR6hH/mvyrN8T95xyDN+vDRwl907pTItNKBdWH78eXkv58WMdQ==
  dependencies:
    "@abp/core" "~9.3.1"
    "@fortawesome/fontawesome-free" "^6.6.0"

"@abp/jquery-form@~9.3.1":
  version "9.3.1"
  resolved "https://registry.npmmirror.com/@abp/jquery-form/-/jquery-form-9.3.1.tgz#8ec1724231d4415bab47047938a6fa0c9ca1c79c"
  integrity sha512-8mN3JfZWdXAZ3y9jQpGkge4JctAt5DCZHu3lV4kafZtmhz1xdaj6vaaIpxo2TpTjx7/79XY8mymnxXefiO0U3Q==
  dependencies:
    "@abp/jquery" "~9.3.1"
    jquery-form "^4.3.0"

"@abp/jquery-validation-unobtrusive@~9.3.1":
  version "9.3.1"
  resolved "https://registry.npmmirror.com/@abp/jquery-validation-unobtrusive/-/jquery-validation-unobtrusive-9.3.1.tgz#31ab753a296fa9d6838f2d97ff256a40df633bdc"
  integrity sha512-YBQu/sKItnbjXoOYqUIm8wyJnXfRTaHy4/TSVEB3JYBcpHjjXMd9KX3FwK4AzCsSgaIGJK/WkdkiO5bvPqApCg==
  dependencies:
    "@abp/jquery-validation" "~9.3.1"
    jquery-validation-unobtrusive "^4.0.0"

"@abp/jquery-validation@~9.3.1":
  version "9.3.1"
  resolved "https://registry.npmmirror.com/@abp/jquery-validation/-/jquery-validation-9.3.1.tgz#b96a430cffdb8cce298463b975786b25dc6d655b"
  integrity sha512-041+nqCqp6ySlzocQnKJ6/FMumMcyHmkVjlguEShbttJJL27JVq3V8qmh9t/flQSa9Vv7q1qHyYBQBLZ0ISIBA==
  dependencies:
    "@abp/jquery" "~9.3.1"
    jquery-validation "^1.21.0"

"@abp/jquery@~9.3.1":
  version "9.3.1"
  resolved "https://registry.npmmirror.com/@abp/jquery/-/jquery-9.3.1.tgz#697c59500eeb76e047a26c9176e7cd2d55e40965"
  integrity sha512-pUurE04byV0bK7O9C7pFiLECP8keE7+KodDH8K9qwBCZ0O/DBsbG9cI7EZW6xAd+WPPrcAEi6QC8y3MIn9dv2A==
  dependencies:
    "@abp/core" "~9.3.1"
    jquery "~3.7.1"

"@abp/lodash@~9.3.1":
  version "9.3.1"
  resolved "https://registry.npmmirror.com/@abp/lodash/-/lodash-9.3.1.tgz#6ff141b9cad8454de30c2d0a80035054af9570e5"
  integrity sha512-9FPq/ggTRMpBJk4Qz2HhYbExXUpWoNSsIbxR3xyrxiD3CDwt7AK51X+NbYkqW7EqvccKENfqsQ6hOcwCpyPcdQ==
  dependencies:
    "@abp/core" "~9.3.1"
    lodash "^4.17.21"

"@abp/luxon@~9.3.1":
  version "9.3.1"
  resolved "https://registry.npmmirror.com/@abp/luxon/-/luxon-9.3.1.tgz#ff3ad7fcb9bc56d0286f69eb665ab3137a1142e5"
  integrity sha512-r46jTdWiDp41/UEYc0hqdSHVwIQfqGpPvAysN+8csjLg5EkZhAjrahlsnJbu0BfCC+E+GhjOQ/oad1hz68bDJA==
  dependencies:
    "@abp/core" "~9.3.1"
    luxon "^3.5.0"

"@abp/malihu-custom-scrollbar-plugin@~9.3.1":
  version "9.3.1"
  resolved "https://registry.npmmirror.com/@abp/malihu-custom-scrollbar-plugin/-/malihu-custom-scrollbar-plugin-9.3.1.tgz#1071a8095197af1f98ddc06fdcc71e84ab6fd7f2"
  integrity sha512-eijQKbRJT2cXspXuPCNOtbYCp/PwPlBAQgKr9FHNPT9ujuOEA3spY71VyIOBKh/cTnH0ANaUSZzEE4G/7r9cag==
  dependencies:
    "@abp/core" "~9.3.1"
    malihu-custom-scrollbar-plugin "^3.1.5"

"@abp/moment@~9.3.1":
  version "9.3.1"
  resolved "https://registry.npmmirror.com/@abp/moment/-/moment-9.3.1.tgz#ac0ef40a34197efff6539effd865a014e2c10b81"
  integrity sha512-X+VoWNCcC5p0YC9betQmG+tm9C3y50vuShKCKrnOKvoILNSQJ+siVtYjIf0PQa/O8jUefUlehgWTk0yWYgKxjQ==
  dependencies:
    moment "^2.30.1"

"@abp/select2@~9.3.1":
  version "9.3.1"
  resolved "https://registry.npmmirror.com/@abp/select2/-/select2-9.3.1.tgz#f760050b3b0a51a4c3311600a5c7abc991e560fc"
  integrity sha512-KA1AMToMMfReJek0yWgviYr9vvlH1r43ObaIrfweF3sZsvo86VHtUeBEcYdGr5MtAmtHRukTfu2y0fSaK7GjYQ==
  dependencies:
    "@abp/core" "~9.3.1"
    select2 "^4.0.13"

"@abp/sweetalert2@~9.3.1":
  version "9.3.1"
  resolved "https://registry.npmmirror.com/@abp/sweetalert2/-/sweetalert2-9.3.1.tgz#279a0b070ea27d1beb9b0b472768694b0d6a7162"
  integrity sha512-bEaoM7wNrF4dkf2IoBmxRhcHWMK9LjG7hUnZWhFi/J1n10wJH+2yz7qsajbdzIF6CVvelAcMRzbxdVg7nxrnvw==
  dependencies:
    "@abp/core" "~9.3.1"
    sweetalert2 "^11.14.1"

"@abp/timeago@~9.3.1":
  version "9.3.1"
  resolved "https://registry.npmmirror.com/@abp/timeago/-/timeago-9.3.1.tgz#ae0a7ff8867f228b464f0c7bef46466e72aa5d28"
  integrity sha512-FVAzEYl0SV07EM/W5wlE6Z25lnGC5CT4bBVzNFq8b3UjM+m0AhGNBwPrAyianyZyMYUzaF0UtL3PgTJJ+BZ8gA==
  dependencies:
    "@abp/jquery" "~9.3.1"
    timeago "^1.6.7"

"@abp/utils@~9.3.1":
  version "9.3.1"
  resolved "https://registry.npmmirror.com/@abp/utils/-/utils-9.3.1.tgz#1a649f793c0a95a3a02f331bf0467908ba32fe65"
  integrity sha512-4cEl8npNp3R5cnhIjlXq8DjBLnA3U1H50E4xMtSY8Y9/nnvkn7ESqIzMlYlPDw9SUjQ4uhftVJqUyh83yq48jg==
  dependencies:
    just-compare "^2.3.0"

"@fortawesome/fontawesome-free@^6.6.0":
  version "6.7.2"
  resolved "https://registry.npmmirror.com/@fortawesome/fontawesome-free/-/fontawesome-free-6.7.2.tgz#8249de9b7e22fcb3ceb5e66090c30a1d5492b81a"
  integrity sha512-JUOtgFW6k9u4Y+xeIaEiLr3+cjoUPiAuLXoyKOJSia6Duzb7pq+A76P9ZdPDoAoxHdHzq6gE9/jKBGXlZT8FbA==

ansi-colors@^4.1.3:
  version "4.1.3"
  resolved "https://registry.npmmirror.com/ansi-colors/-/ansi-colors-4.1.3.tgz#37611340eb2243e70cc604cad35d63270d48781b"
  integrity sha512-/6w/C21Pm1A7aZitlI5Ni/2J6FFQN8i1Cvz3kHABAAbw93v/NlvKdVOqz7CCWz/3iv/JplRSEEZ83XION15ovw==

bootstrap-datepicker@^1.10.0:
  version "1.10.0"
  resolved "https://registry.npmmirror.com/bootstrap-datepicker/-/bootstrap-datepicker-1.10.0.tgz#61612bbe8bf0a69a5bce32bbcdda93ebb6ccf24a"
  integrity sha512-lWxtSYddAQOpbAO8UhYhHLcK6425eWoSjb5JDvZU3ePHEPF6A3eUr51WKaFy4PccU19JRxUG6wEU3KdhtKfvpg==
  dependencies:
    jquery ">=3.4.0 <4.0.0"

bootstrap-daterangepicker@^3.1.0:
  version "3.1.0"
  resolved "https://registry.npmmirror.com/bootstrap-daterangepicker/-/bootstrap-daterangepicker-3.1.0.tgz#632e6fb2de4b6360c5c0a9d5f6adb9aace051fe8"
  integrity sha512-oaQZx6ZBDo/dZNyXGVi2rx5GmFXThyQLAxdtIqjtLlYVaQUfQALl5JZMJJZzyDIX7blfy4ppZPAJ10g8Ma4d/g==
  dependencies:
    jquery ">=1.10"
    moment "^2.9.0"

bootstrap@^5.3.3:
  version "5.3.7"
  resolved "https://registry.npmmirror.com/bootstrap/-/bootstrap-5.3.7.tgz#8640065036124d961d885d80b5945745e1154d90"
  integrity sha512-7KgiD8UHjfcPBHEpDNg+zGz8L3LqR3GVwqZiBRFX04a1BCArZOz1r2kjly2HQ0WokqTO0v1nF+QAt8dsW4lKlw==

datatables.net-bs5@^2.1.8:
  version "2.3.3"
  resolved "https://registry.npmmirror.com/datatables.net-bs5/-/datatables.net-bs5-2.3.3.tgz#8bf3aec484a69e373f6007038eaac0cc0ef4ee15"
  integrity sha512-IPtC57k3KyZaLzIYTHies23Cm2zqaKfD6lkxy/aOAUUAtsg35l53VqNY9y84AEySYG3YLghMHVBvl2ckUhvm0A==
  dependencies:
    datatables.net "2.3.3"
    jquery ">=1.7"

datatables.net@2.3.3, datatables.net@^2.1.8:
  version "2.3.3"
  resolved "https://registry.npmmirror.com/datatables.net/-/datatables.net-2.3.3.tgz#fe4f96bdbc4cf47c8d11162a7af525ca6a3683d2"
  integrity sha512-SWL3za6nheY6gdoiLgCc++tYmxbwrmv2bjrEiII9rXBWXXSbOZct6pjR3FueMVRM5jmt7pQcXiGovfuFDnutQg==
  dependencies:
    jquery ">=1.7"

jquery-form@^4.3.0:
  version "4.3.0"
  resolved "https://registry.npmmirror.com/jquery-form/-/jquery-form-4.3.0.tgz#7d3961c314a1f2d15298f4af1d3943f54f4149c6"
  integrity sha512-q3uaVCEWdLOYUCI6dpNdwf/7cJFOsUgdpq6r0taxtGQ5NJSkOzofyWm4jpOuJ5YxdmL1FI5QR+q+HB63HHLGnQ==
  dependencies:
    jquery ">=1.7.2"

jquery-mousewheel@>=3.0.6:
  version "3.2.2"
  resolved "https://registry.npmmirror.com/jquery-mousewheel/-/jquery-mousewheel-3.2.2.tgz#48c833f6260ee0c46d438a999e7d0060ec9eed0b"
  integrity sha512-JP71xTAg08ZY3hcs9ZbYUZ5i+dkSsz4yRl/zpWkAmtzc+kMs5EfPkpkINSidiLYMaR0MTo3DfFGF9WIezMsFQQ==
  dependencies:
    jquery ">=1.2.6"

jquery-validation-unobtrusive@^4.0.0:
  version "4.0.0"
  resolved "https://registry.npmmirror.com/jquery-validation-unobtrusive/-/jquery-validation-unobtrusive-4.0.0.tgz#dfcf25a558496a2c883db6021d10f5398d15f99d"
  integrity sha512-1ervYFFv6LX/rp7ktuLnMakHNG0piNRDyROI8Ir3hL1vPIwylAehB1AY3BPrYJnzW3WmwWryZq+Bz4sazZK9iQ==
  dependencies:
    jquery "^3.6.0"
    jquery-validation ">=1.19"

jquery-validation@>=1.19, jquery-validation@^1.21.0:
  version "1.21.0"
  resolved "https://registry.npmmirror.com/jquery-validation/-/jquery-validation-1.21.0.tgz#78fc05ab76020912a246af3661b3f54a438bca93"
  integrity sha512-xNot0rlUIgu7duMcQ5qb6MGkGL/Z1PQaRJQoZAURW9+a/2PGOUxY36o/WyNeP2T9R6jvWB8Z9lUVvvQWI/Zs5w==

jquery@>=1.10, jquery@>=1.2.6, "jquery@>=1.5.0 <4.0", jquery@>=1.7, jquery@>=1.7.2, "jquery@>=3.4.0 <4.0.0", jquery@^3.6.0, jquery@~3.7.1:
  version "3.7.1"
  resolved "https://registry.npmmirror.com/jquery/-/jquery-3.7.1.tgz#083ef98927c9a6a74d05a6af02806566d16274de"
  integrity sha512-m4avr8yL8kmFN8psrbFFFmB/If14iN5o9nw/NgnnM+kybDJpRsAynV2BsfpTYrTRysYUdADVD7CkUUizgkpLfg==

just-compare@^2.3.0:
  version "2.3.0"
  resolved "https://registry.npmmirror.com/just-compare/-/just-compare-2.3.0.tgz#a2adcc1d1940536263275f5a1ef1298bcacfeda7"
  integrity sha512-6shoR7HDT+fzfL3gBahx1jZG3hWLrhPAf+l7nCwahDdT9XDtosB9kIF0ZrzUp5QY8dJWfQVr5rnsPqsbvflDzg==

lodash@^4.17.21:
  version "4.17.21"
  resolved "https://registry.npmmirror.com/lodash/-/lodash-4.17.21.tgz#679591c564c3bffaae8454cf0b3df370c3d6911c"
  integrity sha512-v2kDEe57lecTulaDIuNTPy3Ry4gLGJ6Z1O3vE1krgXZNrsQ+LFTGHVxVjcXPs17LhbZVGedAJv8XZ1tvj5FvSg==

luxon@^3.5.0:
  version "3.7.1"
  resolved "https://registry.npmmirror.com/luxon/-/luxon-3.7.1.tgz#9bd09aa84a56afb00c57ea78a8ec5bd16eb24ec0"
  integrity sha512-RkRWjA926cTvz5rAb1BqyWkKbbjzCGchDUIKMCUvNi17j6f6j8uHGDV82Aqcqtzd+icoYpELmG3ksgGiFNNcNg==

malihu-custom-scrollbar-plugin@^3.1.5:
  version "3.1.5"
  resolved "https://registry.npmmirror.com/malihu-custom-scrollbar-plugin/-/malihu-custom-scrollbar-plugin-3.1.5.tgz#310cecc5e59415a1c29e9dfb5d2b6e01d66a29ef"
  integrity sha512-lwW3LgI+CNDMPnP4ED2la6oYxWMkCXlnhex+s2wuOLhFDFGnGmQuTQVdRK9bvDLpxs10sGlfErVufJy9ztfgJQ==
  dependencies:
    jquery-mousewheel ">=3.0.6"

moment@^2.30.1, moment@^2.9.0:
  version "2.30.1"
  resolved "https://registry.npmmirror.com/moment/-/moment-2.30.1.tgz#f8c91c07b7a786e30c59926df530b4eac96974ae"
  integrity sha512-uEmtNhbDOrWPFS+hdjFCBfy9f2YoyzRpwcl+DqpC6taX21FzsTLQVbMV/W7PzNSX6x/bhC1zA3c2UQ5NzH6how==

select2@^4.0.13:
  version "4.0.13"
  resolved "https://registry.npmmirror.com/select2/-/select2-4.0.13.tgz#0dbe377df3f96167c4c1626033e924372d8ef44d"
  integrity sha512-1JeB87s6oN/TDxQQYCvS5EFoQyvV6eYMZZ0AeA4tdFDYWN3BAGZ8npr17UBFddU0lgAt3H0yjX3X6/ekOj1yjw==

sweetalert2@^11.14.1:
  version "11.22.4"
  resolved "https://registry.npmmirror.com/sweetalert2/-/sweetalert2-11.22.4.tgz#772e6448cef4e753c6c429e96d233b7e701210ed"
  integrity sha512-JwcRODfozxiKmspFp+xctZ2izAmLAKbRPcoLMEW7LdugN/YmNrX1LT7hdBW87qsgupEO1ukBBuB17KzKFKW0tg==

timeago@^1.6.7:
  version "1.6.7"
  resolved "https://registry.npmmirror.com/timeago/-/timeago-1.6.7.tgz#afd467c29a911e697fc22a81888c7c3022783cb5"
  integrity sha512-FikcjN98+ij0siKH4VO4dZ358PR3oDDq4Vdl1+sN9gWz1/+JXGr3uZbUShYH/hL7bMhcTpPbplJU5Tej4b4jbQ==
  dependencies:
    jquery ">=1.5.0 <4.0"
